
Microsoft Visual Studio Solution File, Format Version 12.00
# Visual Studio Version 17
VisualStudioVersion = 17.6.33815.320
MinimumVisualStudioVersion = 10.0.40219.1
Project("{FAE04EC0-301F-11D3-BF4B-00C04F79EFBC}") = "HaiNH_CSharp1_BaiTap2", "HaiNH_CSharp1_BaiTap2.csproj", "{5491C4F8-F4E8-4036-B1B8-CD24DDE8E12C}"
EndProject
Global
	GlobalSection(SolutionConfigurationPlatforms) = preSolution
		Debug|Any CPU = Debug|Any CPU
		Release|Any CPU = Release|Any CPU
	EndGlobalSection
	GlobalSection(ProjectConfigurationPlatforms) = postSolution
		{5491C4F8-F4E8-4036-B1B8-CD24DDE8E12C}.Debug|Any CPU.ActiveCfg = Debug|Any CPU
		{5491C4F8-F4E8-4036-B1B8-CD24DDE8E12C}.Debug|Any CPU.Build.0 = Debug|Any CPU
		{5491C4F8-F4E8-4036-B1B8-CD24DDE8E12C}.Release|Any CPU.ActiveCfg = Release|Any CPU
		{5491C4F8-F4E8-4036-B1B8-CD24DDE8E12C}.Release|Any CPU.Build.0 = Release|Any CPU
	EndGlobalSection
	GlobalSection(SolutionProperties) = preSolution
		HideSolutionNode = FALSE
	EndGlobalSection
	GlobalSection(ExtensibilityGlobals) = postSolution
		SolutionGuid = {EAE3C086-C29C-41B1-AEAD-E2261FA084FB}
	EndGlobalSection
EndGlobal
